
Microsoft Visual Studio Solution File, Format Version 12.00
# Visual Studio Version 17
VisualStudioVersion = 17.14.36518.9 d17.14
MinimumVisualStudioVersion = 10.0.40219.1
Project("{FAE04EC0-301F-11D3-BF4B-00C04F79EFBC}") = "HelloWorld", "HelloWorld\HelloWorld.csproj", "{135F3703-8B58-4BF7-AE52-B602699D7234}"
EndProject
Global
	GlobalSection(SolutionConfigurationPlatforms) = preSolution
		Debug|Any CPU = Debug|Any CPU
		Release|Any CPU = Release|Any CPU
	EndGlobalSection
	GlobalSection(ProjectConfigurationPlatforms) = postSolution
		{135F3703-8B58-4BF7-AE52-B602699D7234}.Debug|Any CPU.ActiveCfg = Debug|Any CPU
		{135F3703-8B58-4BF7-AE52-B602699D7234}.Debug|Any CPU.Build.0 = Debug|Any CPU
		{135F3703-8B58-4BF7-AE52-B602699D7234}.Release|Any CPU.ActiveCfg = Release|Any CPU
		{135F3703-8B58-4BF7-AE52-B602699D7234}.Release|Any CPU.Build.0 = Release|Any CPU
	EndGlobalSection
	GlobalSection(SolutionProperties) = preSolution
		HideSolutionNode = FALSE
	EndGlobalSection
	GlobalSection(ExtensibilityGlobals) = postSolution
		SolutionGuid = {48DCF352-B65E-4C0F-837E-4EF0F15CEE3B}
	EndGlobalSection
EndGlobal
